{
  "version": "3",
  "packages": {
    "specifiers": {
      "npm:@swc/core@^1.7.6": "npm:@swc/core@1.7.6",
      "npm:@types/node@^22.1.0": "npm:@types/node@22.1.0",
      "npm:ts-node@^10.9.2": "npm:ts-node@10.9.2_@swc+core@1.7.6_@types+node@18.16.19_typescript@5.5.4",
      "npm:typescript@^5.5.4": "npm:typescript@5.5.4"
    },
    "npm": {
      "@cspotcode/source-map-support@0.8.1": {
        "integrity": "sha512-IchNf6dN4tHoMFIn/7OE8LWZ19Y6q/67Bmf6vnGREv8RSbBVb9LPJxEcnwrcwX6ixSvaiGoomAUvu4YSxXrVgw==",
        "dependencies": {
          "@jridgewell/trace-mapping": "@jridgewell/trace-mapping@0.3.9"
        }
      },
      "@jridgewell/resolve-uri@3.1.2": {
        "integrity": "sha512-bRISgCIjP20/tbWSPWMEi54QVPRZExkuD9lJL+UIxUKtwVJA8wW1Trb1jMs1RFXo1CBTNZ/5hpC9QvmKWdopKw==",
        "dependencies": {}
      },
      "@jridgewell/sourcemap-codec@1.5.0": {
        "integrity": "sha512-gv3ZRaISU3fjPAgNsriBRqGWQL6quFx04YMPW/zD8XMLsU32mhCCbfbO6KZFLjvYpCZ8zyDEgqsgf+PwPaM7GQ==",
        "dependencies": {}
      },
      "@jridgewell/trace-mapping@0.3.9": {
        "integrity": "sha512-3Belt6tdc8bPgAtbcmdtNJlirVoTmEb5e2gC94PnkwEW9jI6CAHUeoG85tjWP5WquqfavoMtMwiG4P926ZKKuQ==",
        "dependencies": {
          "@jridgewell/resolve-uri": "@jridgewell/resolve-uri@3.1.2",
          "@jridgewell/sourcemap-codec": "@jridgewell/sourcemap-codec@1.5.0"
        }
      },
      "@swc/core-darwin-arm64@1.7.6": {
        "integrity": "sha512-6lYHey84ZzsdtC7UuPheM4Rm0Inzxm6Sb8U6dmKc4eCx8JL0LfWG4LC5RsdsrTxnjTsbriWlnhZBffh8ijUHIQ==",
        "dependencies": {}
      },
      "@swc/core-darwin-x64@1.7.6": {
        "integrity": "sha512-Fyl+8aH9O5rpx4O7r2KnsPpoi32iWoKOYKiipeTbGjQ/E95tNPxbmsz4yqE8Ovldcga60IPJ5OKQA3HWRiuzdw==",
        "dependencies": {}
      },
      "@swc/core-linux-arm-gnueabihf@1.7.6": {
        "integrity": "sha512-2WxYTqFaOx48GKC2cbO1/IntA+w+kfCFy436Ij7qRqqtV/WAvTM9TC1OmiFbqq436rSot52qYmX8fkwdB5UcLQ==",
        "dependencies": {}
      },
      "@swc/core-linux-arm64-gnu@1.7.6": {
        "integrity": "sha512-TBEGMSe0LhvPe4S7E68c7VzgT3OMu4VTmBLS7B2aHv4v8uZO92Khpp7L0WqgYU1y5eMjk+XLDLi4kokiNHv/Hg==",
        "dependencies": {}
      },
      "@swc/core-linux-arm64-musl@1.7.6": {
        "integrity": "sha512-QI8QGL0HGT42tj7F1A+YAzhGkJjUcvvTfI1e2m704W0Enl2/UIK9v5D1zvQzYwusRyKuaQfbeBRYDh0NcLOGLg==",
        "dependencies": {}
      },
      "@swc/core-linux-x64-gnu@1.7.6": {
        "integrity": "sha512-61AYVzhjuNQAVIKKWOJu3H0/pFD28RYJGxnGg3YMhvRLRyuWNyY5Nyyj2WkKcz/ON+g38Arlz00NT1LDIViRLg==",
        "dependencies": {}
      },
      "@swc/core-linux-x64-musl@1.7.6": {
        "integrity": "sha512-hQFznpfLK8XajfAAN9Cjs0w/aVmO7iu9VZvInyrTCRcPqxV5O+rvrhRxKvC1LRMZXr5M6JRSRtepp5w+TK4kAw==",
        "dependencies": {}
      },
      "@swc/core-win32-arm64-msvc@1.7.6": {
        "integrity": "sha512-Aqsd9afykVMuekzjm4X4TDqwxmG4CrzoOSFe0hZrn9SMio72l5eAPnMtYoe5LsIqtjV8MNprLfXaNbjHjTegmA==",
        "dependencies": {}
      },
      "@swc/core-win32-ia32-msvc@1.7.6": {
        "integrity": "sha512-9h0hYnOeRVNeQgHQTvD1Im67faNSSzBZ7Adtxyu9urNLfBTJilMllFd2QuGHlKW5+uaT6ZH7ZWDb+c/enx7Lcg==",
        "dependencies": {}
      },
      "@swc/core-win32-x64-msvc@1.7.6": {
        "integrity": "sha512-izeoB8glCSe6IIDQmrVm6bvR9muk9TeKgmtY7b6l1BwL4BFnTUk4dMmpbntT90bEVQn3JPCaPtUG4HfL8VuyuA==",
        "dependencies": {}
      },
      "@swc/core@1.7.6": {
        "integrity": "sha512-FZxyao9eQks1MRmUshgsZTmlg/HB2oXK5fghkoWJm/1CU2q2kaJlVDll2as5j+rmWiwkp0Gidlq8wlXcEEAO+g==",
        "dependencies": {
          "@swc/core-darwin-arm64": "@swc/core-darwin-arm64@1.7.6",
          "@swc/core-darwin-x64": "@swc/core-darwin-x64@1.7.6",
          "@swc/core-linux-arm-gnueabihf": "@swc/core-linux-arm-gnueabihf@1.7.6",
          "@swc/core-linux-arm64-gnu": "@swc/core-linux-arm64-gnu@1.7.6",
          "@swc/core-linux-arm64-musl": "@swc/core-linux-arm64-musl@1.7.6",
          "@swc/core-linux-x64-gnu": "@swc/core-linux-x64-gnu@1.7.6",
          "@swc/core-linux-x64-musl": "@swc/core-linux-x64-musl@1.7.6",
          "@swc/core-win32-arm64-msvc": "@swc/core-win32-arm64-msvc@1.7.6",
          "@swc/core-win32-ia32-msvc": "@swc/core-win32-ia32-msvc@1.7.6",
          "@swc/core-win32-x64-msvc": "@swc/core-win32-x64-msvc@1.7.6",
          "@swc/counter": "@swc/counter@0.1.3",
          "@swc/types": "@swc/types@0.1.12"
        }
      },
      "@swc/counter@0.1.3": {
        "integrity": "sha512-e2BR4lsJkkRlKZ/qCHPw9ZaSxc0MVUd7gtbtaB7aMvHeJVYe8sOB8DBZkP2DtISHGSku9sCK6T6cnY0CtXrOCQ==",
        "dependencies": {}
      },
      "@swc/types@0.1.12": {
        "integrity": "sha512-wBJA+SdtkbFhHjTMYH+dEH1y4VpfGdAc2Kw/LK09i9bXd/K6j6PkDcFCEzb6iVfZMkPRrl/q0e3toqTAJdkIVA==",
        "dependencies": {
          "@swc/counter": "@swc/counter@0.1.3"
        }
      },
      "@tsconfig/node10@1.0.11": {
        "integrity": "sha512-DcRjDCujK/kCk/cUe8Xz8ZSpm8mS3mNNpta+jGCA6USEDfktlNvm1+IuZ9eTcDbNk41BHwpHHeW+N1lKCz4zOw==",
        "dependencies": {}
      },
      "@tsconfig/node12@1.0.11": {
        "integrity": "sha512-cqefuRsh12pWyGsIoBKJA9luFu3mRxCA+ORZvA4ktLSzIuCUtWVxGIuXigEwO5/ywWFMZ2QEGKWvkZG1zDMTag==",
        "dependencies": {}
      },
      "@tsconfig/node14@1.0.3": {
        "integrity": "sha512-ysT8mhdixWK6Hw3i1V2AeRqZ5WfXg1G43mqoYlM2nc6388Fq5jcXyr5mRsqViLx/GJYdoL0bfXD8nmF+Zn/Iow==",
        "dependencies": {}
      },
      "@tsconfig/node16@1.0.4": {
        "integrity": "sha512-vxhUy4J8lyeyinH7Azl1pdd43GJhZH/tP2weN8TntQblOY+A0XbT8DJk1/oCPuOOyg/Ja757rG0CgHcWC8OfMA==",
        "dependencies": {}
      },
      "@types/node@18.16.19": {
        "integrity": "sha512-IXl7o+R9iti9eBW4Wg2hx1xQDig183jj7YLn8F7udNceyfkbn1ZxmzZXuak20gR40D7pIkIY1kYGx5VIGbaHKA==",
        "dependencies": {}
      },
      "@types/node@22.1.0": {
        "integrity": "sha512-AOmuRF0R2/5j1knA3c6G3HOk523Ga+l+ZXltX8SF1+5oqcXijjfTd8fY3XRZqSihEu9XhtQnKYLmkFaoxgsJHw==",
        "dependencies": {
          "undici-types": "undici-types@6.13.0"
        }
      },
      "acorn-walk@8.3.3": {
        "integrity": "sha512-MxXdReSRhGO7VlFe1bRG/oI7/mdLV9B9JJT0N8vZOhF7gFRR5l3M8W9G8JxmKV+JC5mGqJ0QvqfSOLsCPa4nUw==",
        "dependencies": {
          "acorn": "acorn@8.12.1"
        }
      },
      "acorn@8.12.1": {
        "integrity": "sha512-tcpGyI9zbizT9JbV6oYE477V6mTlXvvi0T0G3SNIYE2apm/G5huBa1+K89VGeovbg+jycCrfhl3ADxErOuO6Jg==",
        "dependencies": {}
      },
      "arg@4.1.3": {
        "integrity": "sha512-58S9QDqG0Xx27YwPSt9fJxivjYl432YCwfDMfZ+71RAqUrZef7LrKQZ3LHLOwCS4FLNBplP533Zx895SeOCHvA==",
        "dependencies": {}
      },
      "create-require@1.1.1": {
        "integrity": "sha512-dcKFX3jn0MpIaXjisoRvexIJVEKzaq7z2rZKxf+MSr9TkdmHmsU4m2lcLojrj/FHl8mk5VxMmYA+ftRkP/3oKQ==",
        "dependencies": {}
      },
      "diff@4.0.2": {
        "integrity": "sha512-58lmxKSA4BNyLz+HHMUzlOEpg09FV+ev6ZMe3vJihgdxzgcwZ8VoEEPmALCZG9LmqfVoNMMKpttIYTVG6uDY7A==",
        "dependencies": {}
      },
      "make-error@1.3.6": {
        "integrity": "sha512-s8UhlNe7vPKomQhC1qFelMokr/Sc3AgNbso3n74mVPA5LTZwkB9NlXf4XPamLxJE8h0gh73rM94xvwRT2CVInw==",
        "dependencies": {}
      },
      "ts-node@10.9.2_@swc+core@1.7.6_@types+node@18.16.19_typescript@5.5.4": {
        "integrity": "sha512-f0FFpIdcHgn8zcPSbf1dRevwt047YMnaiJM3u2w2RewrB+fob/zePZcrOyQoLMMO7aBIddLcQIEK5dYjkLnGrQ==",
        "dependencies": {
          "@cspotcode/source-map-support": "@cspotcode/source-map-support@0.8.1",
          "@swc/core": "@swc/core@1.7.6",
          "@tsconfig/node10": "@tsconfig/node10@1.0.11",
          "@tsconfig/node12": "@tsconfig/node12@1.0.11",
          "@tsconfig/node14": "@tsconfig/node14@1.0.3",
          "@tsconfig/node16": "@tsconfig/node16@1.0.4",
          "@types/node": "@types/node@18.16.19",
          "acorn": "acorn@8.12.1",
          "acorn-walk": "acorn-walk@8.3.3",
          "arg": "arg@4.1.3",
          "create-require": "create-require@1.1.1",
          "diff": "diff@4.0.2",
          "make-error": "make-error@1.3.6",
          "typescript": "typescript@5.5.4",
          "v8-compile-cache-lib": "v8-compile-cache-lib@3.0.1",
          "yn": "yn@3.1.1"
        }
      },
      "typescript@5.5.4": {
        "integrity": "sha512-Mtq29sKDAEYP7aljRgtPOpTvOfbwRWlS6dPRzwjdE+C0R4brX/GUyhHSecbHMFLNBLcJIPt9nl9yG5TZ1weH+Q==",
        "dependencies": {}
      },
      "undici-types@6.13.0": {
        "integrity": "sha512-xtFJHudx8S2DSoujjMd1WeWvn7KKWFRESZTMeL1RptAYERu29D6jphMjjY+vn96jvN3kVPDNxU/E13VTaXj6jg==",
        "dependencies": {}
      },
      "v8-compile-cache-lib@3.0.1": {
        "integrity": "sha512-wa7YjyUGfNZngI/vtK0UHAN+lgDCxBPCylVXGp0zu59Fz5aiGtNXaq3DhIov063MorB+VfufLh3JlF2KdTK3xg==",
        "dependencies": {}
      },
      "yn@3.1.1": {
        "integrity": "sha512-Ux4ygGWsu2c7isFWe8Yu1YluJmqVhxqK2cLXNQA5AcC3QfbGNpM7fu0Y8b/z16pXLnFxZYvWhd3fhBY9DLmC6Q==",
        "dependencies": {}
      }
    }
  },
  "remote": {},
  "workspace": {
    "packageJson": {
      "dependencies": [
        "npm:@swc/core@^1.7.6",
        "npm:@types/node@^22.1.0",
        "npm:ts-node@^10.9.2",
        "npm:typescript@^5.5.4"
      ]
    }
  }
}
