lockfileVersion: 5.4

specifiers:
  '@swc/core': ^1.7.6
  '@types/node': ^22.1.0
  typescript: ^5.5.4

devDependencies:
  '@swc/core': 1.7.6
  '@types/node': 22.1.0
  typescript: 5.5.4

packages:

  /@swc/core-darwin-arm64/1.7.6:
    resolution: {integrity: sha512-6lYHey84ZzsdtC7UuPheM4Rm0Inzxm6Sb8U6dmKc4eCx8JL0LfWG4LC5RsdsrTxnjTsbriWlnhZBffh8ijUHIQ==}
    engines: {node: '>=10'}
    cpu: [arm64]
    os: [darwin]
    requiresBuild: true
    dev: true
    optional: true

  /@swc/core-darwin-x64/1.7.6:
    resolution: {integrity: sha512-Fyl+8aH9O5rpx4O7r2KnsPpoi32iWoKOYKiipeTbGjQ/E95tNPxbmsz4yqE8Ovldcga60IPJ5OKQA3HWRiuzdw==}
    engines: {node: '>=10'}
    cpu: [x64]
    os: [darwin]
    requiresBuild: true
    dev: true
    optional: true

  /@swc/core-linux-arm-gnueabihf/1.7.6:
    resolution: {integrity: sha512-2WxYTqFaOx48GKC2cbO1/IntA+w+kfCFy436Ij7qRqqtV/WAvTM9TC1OmiFbqq436rSot52qYmX8fkwdB5UcLQ==}
    engines: {node: '>=10'}
    cpu: [arm]
    os: [linux]
    requiresBuild: true
    dev: true
    optional: true

  /@swc/core-linux-arm64-gnu/1.7.6:
    resolution: {integrity: sha512-TBEGMSe0LhvPe4S7E68c7VzgT3OMu4VTmBLS7B2aHv4v8uZO92Khpp7L0WqgYU1y5eMjk+XLDLi4kokiNHv/Hg==}
    engines: {node: '>=10'}
    cpu: [arm64]
    os: [linux]
    libc: [glibc]
    requiresBuild: true
    dev: true
    optional: true

  /@swc/core-linux-arm64-musl/1.7.6:
    resolution: {integrity: sha512-QI8QGL0HGT42tj7F1A+YAzhGkJjUcvvTfI1e2m704W0Enl2/UIK9v5D1zvQzYwusRyKuaQfbeBRYDh0NcLOGLg==}
    engines: {node: '>=10'}
    cpu: [arm64]
    os: [linux]
    libc: [musl]
    requiresBuild: true
    dev: true
    optional: true

  /@swc/core-linux-x64-gnu/1.7.6:
    resolution: {integrity: sha512-61AYVzhjuNQAVIKKWOJu3H0/pFD28RYJGxnGg3YMhvRLRyuWNyY5Nyyj2WkKcz/ON+g38Arlz00NT1LDIViRLg==}
    engines: {node: '>=10'}
    cpu: [x64]
    os: [linux]
    libc: [glibc]
    requiresBuild: true
    dev: true
    optional: true

  /@swc/core-linux-x64-musl/1.7.6:
    resolution: {integrity: sha512-hQFznpfLK8XajfAAN9Cjs0w/aVmO7iu9VZvInyrTCRcPqxV5O+rvrhRxKvC1LRMZXr5M6JRSRtepp5w+TK4kAw==}
    engines: {node: '>=10'}
    cpu: [x64]
    os: [linux]
    libc: [musl]
    requiresBuild: true
    dev: true
    optional: true

  /@swc/core-win32-arm64-msvc/1.7.6:
    resolution: {integrity: sha512-Aqsd9afykVMuekzjm4X4TDqwxmG4CrzoOSFe0hZrn9SMio72l5eAPnMtYoe5LsIqtjV8MNprLfXaNbjHjTegmA==}
    engines: {node: '>=10'}
    cpu: [arm64]
    os: [win32]
    requiresBuild: true
    dev: true
    optional: true

  /@swc/core-win32-ia32-msvc/1.7.6:
    resolution: {integrity: sha512-9h0hYnOeRVNeQgHQTvD1Im67faNSSzBZ7Adtxyu9urNLfBTJilMllFd2QuGHlKW5+uaT6ZH7ZWDb+c/enx7Lcg==}
    engines: {node: '>=10'}
    cpu: [ia32]
    os: [win32]
    requiresBuild: true
    dev: true
    optional: true

  /@swc/core-win32-x64-msvc/1.7.6:
    resolution: {integrity: sha512-izeoB8glCSe6IIDQmrVm6bvR9muk9TeKgmtY7b6l1BwL4BFnTUk4dMmpbntT90bEVQn3JPCaPtUG4HfL8VuyuA==}
    engines: {node: '>=10'}
    cpu: [x64]
    os: [win32]
    requiresBuild: true
    dev: true
    optional: true

  /@swc/core/1.7.6:
    resolution: {integrity: sha512-FZxyao9eQks1MRmUshgsZTmlg/HB2oXK5fghkoWJm/1CU2q2kaJlVDll2as5j+rmWiwkp0Gidlq8wlXcEEAO+g==}
    engines: {node: '>=10'}
    requiresBuild: true
    peerDependencies:
      '@swc/helpers': '*'
    peerDependenciesMeta:
      '@swc/helpers':
        optional: true
    dependencies:
      '@swc/counter': 0.1.3
      '@swc/types': 0.1.12
    optionalDependencies:
      '@swc/core-darwin-arm64': 1.7.6
      '@swc/core-darwin-x64': 1.7.6
      '@swc/core-linux-arm-gnueabihf': 1.7.6
      '@swc/core-linux-arm64-gnu': 1.7.6
      '@swc/core-linux-arm64-musl': 1.7.6
      '@swc/core-linux-x64-gnu': 1.7.6
      '@swc/core-linux-x64-musl': 1.7.6
      '@swc/core-win32-arm64-msvc': 1.7.6
      '@swc/core-win32-ia32-msvc': 1.7.6
      '@swc/core-win32-x64-msvc': 1.7.6
    dev: true

  /@swc/counter/0.1.3:
    resolution: {integrity: sha512-e2BR4lsJkkRlKZ/qCHPw9ZaSxc0MVUd7gtbtaB7aMvHeJVYe8sOB8DBZkP2DtISHGSku9sCK6T6cnY0CtXrOCQ==}
    dev: true

  /@swc/types/0.1.12:
    resolution: {integrity: sha512-wBJA+SdtkbFhHjTMYH+dEH1y4VpfGdAc2Kw/LK09i9bXd/K6j6PkDcFCEzb6iVfZMkPRrl/q0e3toqTAJdkIVA==}
    dependencies:
      '@swc/counter': 0.1.3
    dev: true

  /@types/node/22.1.0:
    resolution: {integrity: sha512-AOmuRF0R2/5j1knA3c6G3HOk523Ga+l+ZXltX8SF1+5oqcXijjfTd8fY3XRZqSihEu9XhtQnKYLmkFaoxgsJHw==}
    dependencies:
      undici-types: 6.13.0
    dev: true

  /typescript/5.5.4:
    resolution: {integrity: sha512-Mtq29sKDAEYP7aljRgtPOpTvOfbwRWlS6dPRzwjdE+C0R4brX/GUyhHSecbHMFLNBLcJIPt9nl9yG5TZ1weH+Q==}
    engines: {node: '>=14.17'}
    hasBin: true
    dev: true

  /undici-types/6.13.0:
    resolution: {integrity: sha512-xtFJHudx8S2DSoujjMd1WeWvn7KKWFRESZTMeL1RptAYERu29D6jphMjjY+vn96jvN3kVPDNxU/E13VTaXj6jg==}
    dev: true
